
Microsoft Visual Studio Solution File, Format Version 12.00
# Visual Studio Version 17
VisualStudioVersion = 17.3.32901.215
MinimumVisualStudioVersion = 10.0.40219.1
Project("{FAE04EC0-301F-11D3-BF4B-00C04F79EFBC}") = "Fitnes", "Fitnes.csproj", "{78DA52DD-60D5-44E7-A9EE-59F4387BDD82}"
EndProject
Global
	GlobalSection(SolutionConfigurationPlatforms) = preSolution
		Debug|Any CPU = Debug|Any CPU
		Release|Any CPU = Release|Any CPU
	EndGlobalSection
	GlobalSection(ProjectConfigurationPlatforms) = postSolution
		{78DA52DD-60D5-44E7-A9EE-59F4387BDD82}.Debug|Any CPU.ActiveCfg = Debug|Any CPU
		{78DA52DD-60D5-44E7-A9EE-59F4387BDD82}.Debug|Any CPU.Build.0 = Debug|Any CPU
		{78DA52DD-60D5-44E7-A9EE-59F4387BDD82}.Release|Any CPU.ActiveCfg = Release|Any CPU
		{78DA52DD-60D5-44E7-A9EE-59F4387BDD82}.Release|Any CPU.Build.0 = Release|Any CPU
	EndGlobalSection
	GlobalSection(SolutionProperties) = preSolution
		HideSolutionNode = FALSE
	EndGlobalSection
	GlobalSection(ExtensibilityGlobals) = postSolution
		SolutionGuid = {7A24D45C-D55A-4BAF-9835-04D0B97B1B7C}
	EndGlobalSection
EndGlobal
